
Microsoft Visual Studio Solution File, Format Version 12.00
# Visual Studio Version 16
VisualStudioVersion = 16.0.30204.135
MinimumVisualStudioVersion = 10.0.40219.1
Project("{2150E333-8FDC-42A3-9474-1A3956D46DE8}") = "Application", "Application", "{DCC65D2C-B8D8-4371-8285-BFDE6DAC9938}"
EndProject
Project("{2150E333-8FDC-42A3-9474-1A3956D46DE8}") = "Domain", "Domain", "{EF4C4051-A947-45F2-A7DE-77C2E1BBE6CB}"
EndProject
Project("{2150E333-8FDC-42A3-9474-1A3956D46DE8}") = "Infrastructure", "Infrastructure", "{CA5F3526-C9FD-477A-88FC-1D75375DFBD6}"
EndProject
Project("{2150E333-8FDC-42A3-9474-1A3956D46DE8}") = "Ui", "Ui", "{F31C9E49-52AD-46E7-B3CE-B3E303CE2D54}"
EndProject
Project("{2150E333-8FDC-42A3-9474-1A3956D46DE8}") = "Test", "Test", "{BEAC1F23-6BA2-4CFE-8D5D-EEFF52B0385F}"
EndProject
Project("{9A19103F-16F7-4668-BE54-9A1E7A4F7556}") = "ProjectCode.Infraestructure.Repository", "ProjectCode.Repository\ProjectCode.Infraestructure.Repository.csproj", "{05F998DD-11C3-42E0-8E8F-595E0C2CC1C4}"
EndProject
Project("{9A19103F-16F7-4668-BE54-9A1E7A4F7556}") = "ProjectCode.Application.Service", "ProjectCode.Application.Service\ProjectCode.Application.Service.csproj", "{E3B221F5-126F-4ECF-81E6-9BE4B4E921C8}"
EndProject
Project("{9A19103F-16F7-4668-BE54-9A1E7A4F7556}") = "ProjectCode.Domain.DataTransferObject", "ProjectCode.Domain.DataTransferObject\ProjectCode.Domain.DataTransferObject.csproj", "{B938703A-52FF-457E-960E-44534C688B5F}"
EndProject
Project("{9A19103F-16F7-4668-BE54-9A1E7A4F7556}") = "ProjectCode.Domain.Model", "ProjectCode.Domain.Model\ProjectCode.Domain.Model.csproj", "{D2B235B4-2777-46AE-871D-29225B9AABD2}"
EndProject
Project("{9A19103F-16F7-4668-BE54-9A1E7A4F7556}") = "ProjectCode.Ui.Api", "ProjectCode.Ui.Api\ProjectCode.Ui.Api.csproj", "{18BE8024-EC71-4B0E-BEFF-F2B1224E7DBA}"
EndProject
Project("{9A19103F-16F7-4668-BE54-9A1E7A4F7556}") = "ProjectCode.Infraestructure", "ProjectCode.Infraestructure.Mapper\ProjectCode.Infraestructure.csproj", "{9755E147-CC39-418C-B465-A33AE8F2C143}"
EndProject
Project("{9A19103F-16F7-4668-BE54-9A1E7A4F7556}") = "ProjectCode.Domain.Interfaces", "ProjectCode.Domain.Interfaces\ProjectCode.Domain.Interfaces.csproj", "{82ED044A-C44F-47D7-9E6A-EA15B4BD3282}"
EndProject
Project("{9A19103F-16F7-4668-BE54-9A1E7A4F7556}") = "ProjectCode.Tests", "ProjectCode.Tests\ProjectCode.Tests.csproj", "{5B3D6F1E-833A-4B17-AA54-0C7FB8139381}"
EndProject
Project("{2150E333-8FDC-42A3-9474-1A3956D46DE8}") = "Core", "Core", "{D2DD8C0D-8C22-43C9-BBB2-D8266C0AFEDC}"
EndProject
Global
	GlobalSection(SolutionConfigurationPlatforms) = preSolution
		Debug|Any CPU = Debug|Any CPU
		Release|Any CPU = Release|Any CPU
	EndGlobalSection
	GlobalSection(ProjectConfigurationPlatforms) = postSolution
		{05F998DD-11C3-42E0-8E8F-595E0C2CC1C4}.Debug|Any CPU.ActiveCfg = Debug|Any CPU
		{05F998DD-11C3-42E0-8E8F-595E0C2CC1C4}.Debug|Any CPU.Build.0 = Debug|Any CPU
		{05F998DD-11C3-42E0-8E8F-595E0C2CC1C4}.Release|Any CPU.ActiveCfg = Release|Any CPU
		{05F998DD-11C3-42E0-8E8F-595E0C2CC1C4}.Release|Any CPU.Build.0 = Release|Any CPU
		{E3B221F5-126F-4ECF-81E6-9BE4B4E921C8}.Debug|Any CPU.ActiveCfg = Debug|Any CPU
		{E3B221F5-126F-4ECF-81E6-9BE4B4E921C8}.Debug|Any CPU.Build.0 = Debug|Any CPU
		{E3B221F5-126F-4ECF-81E6-9BE4B4E921C8}.Release|Any CPU.ActiveCfg = Release|Any CPU
		{E3B221F5-126F-4ECF-81E6-9BE4B4E921C8}.Release|Any CPU.Build.0 = Release|Any CPU
		{B938703A-52FF-457E-960E-44534C688B5F}.Debug|Any CPU.ActiveCfg = Debug|Any CPU
		{B938703A-52FF-457E-960E-44534C688B5F}.Debug|Any CPU.Build.0 = Debug|Any CPU
		{B938703A-52FF-457E-960E-44534C688B5F}.Release|Any CPU.ActiveCfg = Release|Any CPU
		{B938703A-52FF-457E-960E-44534C688B5F}.Release|Any CPU.Build.0 = Release|Any CPU
		{D2B235B4-2777-46AE-871D-29225B9AABD2}.Debug|Any CPU.ActiveCfg = Debug|Any CPU
		{D2B235B4-2777-46AE-871D-29225B9AABD2}.Debug|Any CPU.Build.0 = Debug|Any CPU
		{D2B235B4-2777-46AE-871D-29225B9AABD2}.Release|Any CPU.ActiveCfg = Release|Any CPU
		{D2B235B4-2777-46AE-871D-29225B9AABD2}.Release|Any CPU.Build.0 = Release|Any CPU
		{18BE8024-EC71-4B0E-BEFF-F2B1224E7DBA}.Debug|Any CPU.ActiveCfg = Debug|Any CPU
		{18BE8024-EC71-4B0E-BEFF-F2B1224E7DBA}.Debug|Any CPU.Build.0 = Debug|Any CPU
		{18BE8024-EC71-4B0E-BEFF-F2B1224E7DBA}.Release|Any CPU.ActiveCfg = Release|Any CPU
		{18BE8024-EC71-4B0E-BEFF-F2B1224E7DBA}.Release|Any CPU.Build.0 = Release|Any CPU
		{9755E147-CC39-418C-B465-A33AE8F2C143}.Debug|Any CPU.ActiveCfg = Debug|Any CPU
		{9755E147-CC39-418C-B465-A33AE8F2C143}.Debug|Any CPU.Build.0 = Debug|Any CPU
		{9755E147-CC39-418C-B465-A33AE8F2C143}.Release|Any CPU.ActiveCfg = Release|Any CPU
		{9755E147-CC39-418C-B465-A33AE8F2C143}.Release|Any CPU.Build.0 = Release|Any CPU
		{82ED044A-C44F-47D7-9E6A-EA15B4BD3282}.Debug|Any CPU.ActiveCfg = Debug|Any CPU
		{82ED044A-C44F-47D7-9E6A-EA15B4BD3282}.Debug|Any CPU.Build.0 = Debug|Any CPU
		{82ED044A-C44F-47D7-9E6A-EA15B4BD3282}.Release|Any CPU.ActiveCfg = Release|Any CPU
		{82ED044A-C44F-47D7-9E6A-EA15B4BD3282}.Release|Any CPU.Build.0 = Release|Any CPU
		{5B3D6F1E-833A-4B17-AA54-0C7FB8139381}.Debug|Any CPU.ActiveCfg = Debug|Any CPU
		{5B3D6F1E-833A-4B17-AA54-0C7FB8139381}.Debug|Any CPU.Build.0 = Debug|Any CPU
		{5B3D6F1E-833A-4B17-AA54-0C7FB8139381}.Release|Any CPU.ActiveCfg = Release|Any CPU
		{5B3D6F1E-833A-4B17-AA54-0C7FB8139381}.Release|Any CPU.Build.0 = Release|Any CPU
	EndGlobalSection
	GlobalSection(SolutionProperties) = preSolution
		HideSolutionNode = FALSE
	EndGlobalSection
	GlobalSection(NestedProjects) = preSolution
		{DCC65D2C-B8D8-4371-8285-BFDE6DAC9938} = {D2DD8C0D-8C22-43C9-BBB2-D8266C0AFEDC}
		{EF4C4051-A947-45F2-A7DE-77C2E1BBE6CB} = {D2DD8C0D-8C22-43C9-BBB2-D8266C0AFEDC}
		{05F998DD-11C3-42E0-8E8F-595E0C2CC1C4} = {CA5F3526-C9FD-477A-88FC-1D75375DFBD6}
		{E3B221F5-126F-4ECF-81E6-9BE4B4E921C8} = {DCC65D2C-B8D8-4371-8285-BFDE6DAC9938}
		{B938703A-52FF-457E-960E-44534C688B5F} = {EF4C4051-A947-45F2-A7DE-77C2E1BBE6CB}
		{D2B235B4-2777-46AE-871D-29225B9AABD2} = {EF4C4051-A947-45F2-A7DE-77C2E1BBE6CB}
		{18BE8024-EC71-4B0E-BEFF-F2B1224E7DBA} = {F31C9E49-52AD-46E7-B3CE-B3E303CE2D54}
		{9755E147-CC39-418C-B465-A33AE8F2C143} = {CA5F3526-C9FD-477A-88FC-1D75375DFBD6}
		{82ED044A-C44F-47D7-9E6A-EA15B4BD3282} = {EF4C4051-A947-45F2-A7DE-77C2E1BBE6CB}
		{5B3D6F1E-833A-4B17-AA54-0C7FB8139381} = {BEAC1F23-6BA2-4CFE-8D5D-EEFF52B0385F}
	EndGlobalSection
	GlobalSection(ExtensibilityGlobals) = postSolution
		SolutionGuid = {5432B4CC-6D76-4C2C-BF5F-B0BBB1EDF0A4}
	EndGlobalSection
EndGlobal
